
Microsoft Visual Studio Solution File, Format Version 12.00
# Visual Studio Version 17
VisualStudioVersion = 17.14.36603.0 d17.14
MinimumVisualStudioVersion = 10.0.40219.1
Project("{FAE04EC0-301F-11D3-BF4B-00C04F79EFBC}") = "reverse a number", "reverse a number.csproj", "{D3F9B33E-39D2-4178-A3BD-DD50A5B6A667}"
EndProject
Global
	GlobalSection(SolutionConfigurationPlatforms) = preSolution
		Debug|Any CPU = Debug|Any CPU
		Release|Any CPU = Release|Any CPU
	EndGlobalSection
	GlobalSection(ProjectConfigurationPlatforms) = postSolution
		{D3F9B33E-39D2-4178-A3BD-DD50A5B6A667}.Debug|Any CPU.ActiveCfg = Debug|Any CPU
		{D3F9B33E-39D2-4178-A3BD-DD50A5B6A667}.Debug|Any CPU.Build.0 = Debug|Any CPU
		{D3F9B33E-39D2-4178-A3BD-DD50A5B6A667}.Release|Any CPU.ActiveCfg = Release|Any CPU
		{D3F9B33E-39D2-4178-A3BD-DD50A5B6A667}.Release|Any CPU.Build.0 = Release|Any CPU
	EndGlobalSection
	GlobalSection(SolutionProperties) = preSolution
		HideSolutionNode = FALSE
	EndGlobalSection
	GlobalSection(ExtensibilityGlobals) = postSolution
		SolutionGuid = {F7F35C27-9B45-4AD5-96B0-CFC4F170412F}
	EndGlobalSection
EndGlobal
